# Generated by pub
# See https://www.dartlang.org/tools/pub/glossary#lockfile
packages:
  func:
    dependency: "direct main"
    description:
      name: func
      url: "https://pub.dartlang.org"
    source: hosted
    version: "1.0.0"
  js:
    dependency: "direct main"
    description:
      name: js
      url: "https://pub.dartlang.org"
    source: hosted
    version: "0.6.1"
sdks:
  dart: ">=1.19.0-dev.0.0 <=2.0.0-dev.45.0"
